
Microsoft Visual Studio Solution File, Format Version 12.00
# Visual Studio 15
VisualStudioVersion = 15.0.28010.2026
MinimumVisualStudioVersion = 10.0.40219.1
Project("{FAE04EC0-301F-11D3-BF4B-00C04F79EFBC}") = "PatientApplication", "PatientApplication\PatientApplication.csproj", "{F0D010B3-9696-4C59-A348-310CCBA283CC}"
EndProject
Project("{2150E333-8FDC-42A3-9474-1A3956D46DE8}") = "Solution Items", "Solution Items", "{6CEA3543-2861-448A-9472-6038FD87CEA8}"
	ProjectSection(SolutionItems) = preProject
		CHANGELOG.md = CHANGELOG.md
		README.md = README.md
	EndProjectSection
EndProject
Project("{FAE04EC0-301F-11D3-BF4B-00C04F79EFBC}") = "WebApi", "C:\Users\ananshar\source\repos\PatientApplication\WebApi\WebApi\WebApi.csproj", "{3E6C6F09-6206-4100-A2CF-C265625BDBD9}"
EndProject
Project("{FAE04EC0-301F-11D3-BF4B-00C04F79EFBC}") = "WebApi.Tests", "C:\Users\ananshar\source\repos\PatientApplication\WebApi\WebApi.Tests\WebApi.Tests.csproj", "{C79E0785-5717-4048-B58F-422A252B400C}"
EndProject
Global
	GlobalSection(SolutionConfigurationPlatforms) = preSolution
		Debug|Any CPU = Debug|Any CPU
		Release|Any CPU = Release|Any CPU
	EndGlobalSection
	GlobalSection(ProjectConfigurationPlatforms) = postSolution
		{F0D010B3-9696-4C59-A348-310CCBA283CC}.Debug|Any CPU.ActiveCfg = Debug|Any CPU
		{F0D010B3-9696-4C59-A348-310CCBA283CC}.Debug|Any CPU.Build.0 = Debug|Any CPU
		{F0D010B3-9696-4C59-A348-310CCBA283CC}.Release|Any CPU.ActiveCfg = Release|Any CPU
		{F0D010B3-9696-4C59-A348-310CCBA283CC}.Release|Any CPU.Build.0 = Release|Any CPU
		{3E6C6F09-6206-4100-A2CF-C265625BDBD9}.Debug|Any CPU.ActiveCfg = Debug|Any CPU
		{3E6C6F09-6206-4100-A2CF-C265625BDBD9}.Debug|Any CPU.Build.0 = Debug|Any CPU
		{3E6C6F09-6206-4100-A2CF-C265625BDBD9}.Release|Any CPU.ActiveCfg = Release|Any CPU
		{3E6C6F09-6206-4100-A2CF-C265625BDBD9}.Release|Any CPU.Build.0 = Release|Any CPU
		{C79E0785-5717-4048-B58F-422A252B400C}.Debug|Any CPU.ActiveCfg = Debug|Any CPU
		{C79E0785-5717-4048-B58F-422A252B400C}.Debug|Any CPU.Build.0 = Debug|Any CPU
		{C79E0785-5717-4048-B58F-422A252B400C}.Release|Any CPU.ActiveCfg = Release|Any CPU
		{C79E0785-5717-4048-B58F-422A252B400C}.Release|Any CPU.Build.0 = Release|Any CPU
	EndGlobalSection
	GlobalSection(SolutionProperties) = preSolution
		HideSolutionNode = FALSE
	EndGlobalSection
	GlobalSection(ExtensibilityGlobals) = postSolution
		SolutionGuid = {DABAFF15-71E5-4D6E-B62A-BCFFCDBE2E1E}
	EndGlobalSection
EndGlobal
